
Microsoft Visual Studio Solution File, Format Version 12.00
# Visual Studio Version 16
VisualStudioVersion = 16.0.29306.81
MinimumVisualStudioVersion = 10.0.40219.1
Project("{FAE04EC0-301F-11D3-BF4B-00C04F79EFBC}") = "API Testing", "API Testing\API Testing.csproj", "{D0011B99-58C8-4A78-AA1C-4D8E1CA19590}"
EndProject
Global
	GlobalSection(SolutionConfigurationPlatforms) = preSolution
		Debug|Any CPU = Debug|Any CPU
		Release|Any CPU = Release|Any CPU
	EndGlobalSection
	GlobalSection(ProjectConfigurationPlatforms) = postSolution
		{D0011B99-58C8-4A78-AA1C-4D8E1CA19590}.Debug|Any CPU.ActiveCfg = Debug|Any CPU
		{D0011B99-58C8-4A78-AA1C-4D8E1CA19590}.Debug|Any CPU.Build.0 = Debug|Any CPU
		{D0011B99-58C8-4A78-AA1C-4D8E1CA19590}.Release|Any CPU.ActiveCfg = Release|Any CPU
		{D0011B99-58C8-4A78-AA1C-4D8E1CA19590}.Release|Any CPU.Build.0 = Release|Any CPU
	EndGlobalSection
	GlobalSection(SolutionProperties) = preSolution
		HideSolutionNode = FALSE
	EndGlobalSection
	GlobalSection(ExtensibilityGlobals) = postSolution
		SolutionGuid = {7089BFB5-7EDF-4F29-8EF5-18FE9A5A0A33}
	EndGlobalSection
EndGlobal
